// !$*UTF8*$!
{
	archiveVersion = 1;
	classes = {
	};
	objectVersion = 56;
	objects = {

/* Begin PBXBuildFile section */
		1D174E6929D1E2F200F0FB32 /* Offers.swift in Sources */ = {isa = PBXBuildFile; fileRef = 1D174E6829D1E2F200F0FB32 /* Offers.swift */; };
		1D174E6B29D1E51900F0FB32 /* OffersPresenter.swift in Sources */ = {isa = PBXBuildFile; fileRef = 1D174E6A29D1E51900F0FB32 /* OffersPresenter.swift */; };
		1D174E6D29D1FEC300F0FB32 /* OffersViewController.swift in Sources */ = {isa = PBXBuildFile; fileRef = 1D174E6C29D1FEC300F0FB32 /* OffersViewController.swift */; };
		1D8BCFDC29C8F7E900084AF2 /* CompaniesViewController.swift in Sources */ = {isa = PBXBuildFile; fileRef = 1D8BCFDB29C8F7E900084AF2 /* CompaniesViewController.swift */; };
		1D8BCFDE29C9DB0C00084AF2 /* Companies.swift in Sources */ = {isa = PBXBuildFile; fileRef = 1D8BCFDD29C9DB0C00084AF2 /* Companies.swift */; };
		1DB9388C29CBA35700AF8766 /* TabBarViewController.swift in Sources */ = {isa = PBXBuildFile; fileRef = 1DB9388B29CBA35700AF8766 /* TabBarViewController.swift */; };
		1DB9388E29CBAFB500AF8766 /* CompaniesPresenter.swift in Sources */ = {isa = PBXBuildFile; fileRef = 1DB9388D29CBAFB500AF8766 /* CompaniesPresenter.swift */; };
		1DE9F53029C128220008CEFA /* AppDelegate.swift in Sources */ = {isa = PBXBuildFile; fileRef = 1DE9F52F29C128220008CEFA /* AppDelegate.swift */; };
		1DE9F53229C128220008CEFA /* SceneDelegate.swift in Sources */ = {isa = PBXBuildFile; fileRef = 1DE9F53129C128220008CEFA /* SceneDelegate.swift */; };
		1DE9F53429C128220008CEFA /* CategoriesViewController.swift in Sources */ = {isa = PBXBuildFile; fileRef = 1DE9F53329C128220008CEFA /* CategoriesViewController.swift */; };
		1DE9F53929C128230008CEFA /* Assets.xcassets in Resources */ = {isa = PBXBuildFile; fileRef = 1DE9F53829C128230008CEFA /* Assets.xcassets */; };
		1DE9F53C29C128230008CEFA /* LaunchScreen.storyboard in Resources */ = {isa = PBXBuildFile; fileRef = 1DE9F53A29C128230008CEFA /* LaunchScreen.storyboard */; };
		1DE9F54729C128230008CEFA /* GetOnBoardJobListingsTests.swift in Sources */ = {isa = PBXBuildFile; fileRef = 1DE9F54629C128230008CEFA /* GetOnBoardJobListingsTests.swift */; };
		1DE9F55129C128230008CEFA /* GetOnBoardJobListingsUITests.swift in Sources */ = {isa = PBXBuildFile; fileRef = 1DE9F55029C128230008CEFA /* GetOnBoardJobListingsUITests.swift */; };
		1DE9F55329C128230008CEFA /* GetOnBoardJobListingsUITestsLaunchTests.swift in Sources */ = {isa = PBXBuildFile; fileRef = 1DE9F55229C128230008CEFA /* GetOnBoardJobListingsUITestsLaunchTests.swift */; };
		1DE9F56529C200BC0008CEFA /* Categories.swift in Sources */ = {isa = PBXBuildFile; fileRef = 1DE9F56429C200BC0008CEFA /* Categories.swift */; };
		61E3850529C4F03F00A1DF97 /* CategoryPresenter.swift in Sources */ = {isa = PBXBuildFile; fileRef = 61E3850429C4F03F00A1DF97 /* CategoryPresenter.swift */; };
/* End PBXBuildFile section */

/* Begin PBXContainerItemProxy section */
		1DE9F54329C128230008CEFA /* PBXContainerItemProxy */ = {
			isa = PBXContainerItemProxy;
			containerPortal = 1DE9F52429C128220008CEFA /* Project object */;
			proxyType = 1;
			remoteGlobalIDString = 1DE9F52B29C128220008CEFA;
			remoteInfo = GetOnBoardJobListings;
		};
		1DE9F54D29C128230008CEFA /* PBXContainerItemProxy */ = {
			isa = PBXContainerItemProxy;
			containerPortal = 1DE9F52429C128220008CEFA /* Project object */;
			proxyType = 1;
			remoteGlobalIDString = 1DE9F52B29C128220008CEFA;
			remoteInfo = GetOnBoardJobListings;
		};
/* End PBXContainerItemProxy section */

/* Begin PBXFileReference section */
		1D174E6829D1E2F200F0FB32 /* Offers.swift */ = {isa = PBXFileReference; lastKnownFileType = sourcecode.swift; path = Offers.swift; sourceTree = "<group>"; };
		1D174E6A29D1E51900F0FB32 /* OffersPresenter.swift */ = {isa = PBXFileReference; lastKnownFileType = sourcecode.swift; path = OffersPresenter.swift; sourceTree = "<group>"; };
		1D174E6C29D1FEC300F0FB32 /* OffersViewController.swift */ = {isa = PBXFileReference; lastKnownFileType = sourcecode.swift; path = OffersViewController.swift; sourceTree = "<group>"; };
		1D8BCFDB29C8F7E900084AF2 /* CompaniesViewController.swift */ = {isa = PBXFileReference; lastKnownFileType = sourcecode.swift; path = CompaniesViewController.swift; sourceTree = "<group>"; };
		1D8BCFDD29C9DB0C00084AF2 /* Companies.swift */ = {isa = PBXFileReference; lastKnownFileType = sourcecode.swift; path = Companies.swift; sourceTree = "<group>"; };
		1DB9388B29CBA35700AF8766 /* TabBarViewController.swift */ = {isa = PBXFileReference; lastKnownFileType = sourcecode.swift; path = TabBarViewController.swift; sourceTree = "<group>"; };
		1DB9388D29CBAFB500AF8766 /* CompaniesPresenter.swift */ = {isa = PBXFileReference; lastKnownFileType = sourcecode.swift; path = CompaniesPresenter.swift; sourceTree = "<group>"; };
		1DE9F52C29C128220008CEFA /* GetOnBoardJobListings.app */ = {isa = PBXFileReference; explicitFileType = wrapper.application; includeInIndex = 0; path = GetOnBoardJobListings.app; sourceTree = BUILT_PRODUCTS_DIR; };
		1DE9F52F29C128220008CEFA /* AppDelegate.swift */ = {isa = PBXFileReference; lastKnownFileType = sourcecode.swift; path = AppDelegate.swift; sourceTree = "<group>"; };
		1DE9F53129C128220008CEFA /* SceneDelegate.swift */ = {isa = PBXFileReference; lastKnownFileType = sourcecode.swift; path = SceneDelegate.swift; sourceTree = "<group>"; };
		1DE9F53329C128220008CEFA /* CategoriesViewController.swift */ = {isa = PBXFileReference; lastKnownFileType = sourcecode.swift; path = CategoriesViewController.swift; sourceTree = "<group>"; };
		1DE9F53829C128230008CEFA /* Assets.xcassets */ = {isa = PBXFileReference; lastKnownFileType = folder.assetcatalog; path = Assets.xcassets; sourceTree = "<group>"; };
		1DE9F53B29C128230008CEFA /* Base */ = {isa = PBXFileReference; lastKnownFileType = file.storyboard; name = Base; path = Base.lproj/LaunchScreen.storyboard; sourceTree = "<group>"; };
		1DE9F53D29C128230008CEFA /* Info.plist */ = {isa = PBXFileReference; lastKnownFileType = text.plist.xml; path = Info.plist; sourceTree = "<group>"; };
		1DE9F54229C128230008CEFA /* GetOnBoardJobListingsTests.xctest */ = {isa = PBXFileReference; explicitFileType = wrapper.cfbundle; includeInIndex = 0; path = GetOnBoardJobListingsTests.xctest; sourceTree = BUILT_PRODUCTS_DIR; };
		1DE9F54629C128230008CEFA /* GetOnBoardJobListingsTests.swift */ = {isa = PBXFileReference; lastKnownFileType = sourcecode.swift; path = GetOnBoardJobListingsTests.swift; sourceTree = "<group>"; };
		1DE9F54C29C128230008CEFA /* GetOnBoardJobListingsUITests.xctest */ = {isa = PBXFileReference; explicitFileType = wrapper.cfbundle; includeInIndex = 0; path = GetOnBoardJobListingsUITests.xctest; sourceTree = BUILT_PRODUCTS_DIR; };
		1DE9F55029C128230008CEFA /* GetOnBoardJobListingsUITests.swift */ = {isa = PBXFileReference; lastKnownFileType = sourcecode.swift; path = GetOnBoardJobListingsUITests.swift; sourceTree = "<group>"; };
		1DE9F55229C128230008CEFA /* GetOnBoardJobListingsUITestsLaunchTests.swift */ = {isa = PBXFileReference; lastKnownFileType = sourcecode.swift; path = GetOnBoardJobListingsUITestsLaunchTests.swift; sourceTree = "<group>"; };
		1DE9F56429C200BC0008CEFA /* Categories.swift */ = {isa = PBXFileReference; lastKnownFileType = sourcecode.swift; path = Categories.swift; sourceTree = "<group>"; };
		61E3850429C4F03F00A1DF97 /* CategoryPresenter.swift */ = {isa = PBXFileReference; lastKnownFileType = sourcecode.swift; path = CategoryPresenter.swift; sourceTree = "<group>"; };
/* End PBXFileReference section */

/* Begin PBXFrameworksBuildPhase section */
		1DE9F52929C128220008CEFA /* Frameworks */ = {
			isa = PBXFrameworksBuildPhase;
			buildActionMask = 2147483647;
			files = (
			);
			runOnlyForDeploymentPostprocessing = 0;
		};
		1DE9F53F29C128230008CEFA /* Frameworks */ = {
			isa = PBXFrameworksBuildPhase;
			buildActionMask = 2147483647;
			files = (
			);
			runOnlyForDeploymentPostprocessing = 0;
		};
		1DE9F54929C128230008CEFA /* Frameworks */ = {
			isa = PBXFrameworksBuildPhase;
			buildActionMask = 2147483647;
			files = (
			);
			runOnlyForDeploymentPostprocessing = 0;
		};
/* End PBXFrameworksBuildPhase section */

/* Begin PBXGroup section */
		1DE9F52329C128220008CEFA = {
			isa = PBXGroup;
			children = (
				1DE9F52E29C128220008CEFA /* GetOnBoardJobListings */,
				1DE9F54529C128230008CEFA /* GetOnBoardJobListingsTests */,
				1DE9F54F29C128230008CEFA /* GetOnBoardJobListingsUITests */,
				1DE9F52D29C128220008CEFA /* Products */,
			);
			sourceTree = "<group>";
		};
		1DE9F52D29C128220008CEFA /* Products */ = {
			isa = PBXGroup;
			children = (
				1DE9F52C29C128220008CEFA /* GetOnBoardJobListings.app */,
				1DE9F54229C128230008CEFA /* GetOnBoardJobListingsTests.xctest */,
				1DE9F54C29C128230008CEFA /* GetOnBoardJobListingsUITests.xctest */,
			);
			name = Products;
			sourceTree = "<group>";
		};
		1DE9F52E29C128220008CEFA /* GetOnBoardJobListings */ = {
			isa = PBXGroup;
			children = (
				1DB9388B29CBA35700AF8766 /* TabBarViewController.swift */,
				1DE9F56129C128B10008CEFA /* Views */,
				1DE9F56029C128A90008CEFA /* Presenter */,
				1DE9F55F29C1289C0008CEFA /* Models */,
				1DE9F52F29C128220008CEFA /* AppDelegate.swift */,
				1DE9F53129C128220008CEFA /* SceneDelegate.swift */,
				1DE9F53829C128230008CEFA /* Assets.xcassets */,
				1DE9F53A29C128230008CEFA /* LaunchScreen.storyboard */,
				1DE9F53D29C128230008CEFA /* Info.plist */,
			);
			path = GetOnBoardJobListings;
			sourceTree = "<group>";
		};
		1DE9F54529C128230008CEFA /* GetOnBoardJobListingsTests */ = {
			isa = PBXGroup;
			children = (
				1DE9F54629C128230008CEFA /* GetOnBoardJobListingsTests.swift */,
			);
			path = GetOnBoardJobListingsTests;
			sourceTree = "<group>";
		};
		1DE9F54F29C128230008CEFA /* GetOnBoardJobListingsUITests */ = {
			isa = PBXGroup;
			children = (
				1DE9F55029C128230008CEFA /* GetOnBoardJobListingsUITests.swift */,
				1DE9F55229C128230008CEFA /* GetOnBoardJobListingsUITestsLaunchTests.swift */,
			);
			path = GetOnBoardJobListingsUITests;
			sourceTree = "<group>";
		};
		1DE9F55F29C1289C0008CEFA /* Models */ = {
			isa = PBXGroup;
			children = (
				1DE9F56429C200BC0008CEFA /* Categories.swift */,
				1D8BCFDD29C9DB0C00084AF2 /* Companies.swift */,
				1D174E6829D1E2F200F0FB32 /* Offers.swift */,
			);
			path = Models;
			sourceTree = "<group>";
		};
		1DE9F56029C128A90008CEFA /* Presenter */ = {
			isa = PBXGroup;
			children = (
				61E3850429C4F03F00A1DF97 /* CategoryPresenter.swift */,
				1DB9388D29CBAFB500AF8766 /* CompaniesPresenter.swift */,
				1D174E6A29D1E51900F0FB32 /* OffersPresenter.swift */,
			);
			path = Presenter;
			sourceTree = "<group>";
		};
		1DE9F56129C128B10008CEFA /* Views */ = {
			isa = PBXGroup;
			children = (
				1DE9F53329C128220008CEFA /* CategoriesViewController.swift */,
				1D8BCFDB29C8F7E900084AF2 /* CompaniesViewController.swift */,
				1D174E6C29D1FEC300F0FB32 /* OffersViewController.swift */,
			);
			path = Views;
			sourceTree = "<group>";
		};
/* End PBXGroup section */

/* Begin PBXNativeTarget section */
		1DE9F52B29C128220008CEFA /* GetOnBoardJobListings */ = {
			isa = PBXNativeTarget;
			buildConfigurationList = 1DE9F55629C128230008CEFA /* Build configuration list for PBXNativeTarget "GetOnBoardJobListings" */;
			buildPhases = (
				1DE9F52829C128220008CEFA /* Sources */,
				1DE9F52929C128220008CEFA /* Frameworks */,
				1DE9F52A29C128220008CEFA /* Resources */,
			);
			buildRules = (
			);
			dependencies = (
			);
			name = GetOnBoardJobListings;
			productName = GetOnBoardJobListings;
			productReference = 1DE9F52C29C128220008CEFA /* GetOnBoardJobListings.app */;
			productType = "com.apple.product-type.application";
		};
		1DE9F54129C128230008CEFA /* GetOnBoardJobListingsTests */ = {
			isa = PBXNativeTarget;
			buildConfigurationList = 1DE9F55929C128230008CEFA /* Build configuration list for PBXNativeTarget "GetOnBoardJobListingsTests" */;
			buildPhases = (
				1DE9F53E29C128230008CEFA /* Sources */,
				1DE9F53F29C128230008CEFA /* Frameworks */,
				1DE9F54029C128230008CEFA /* Resources */,
			);
			buildRules = (
			);
			dependencies = (
				1DE9F54429C128230008CEFA /* PBXTargetDependency */,
			);
			name = GetOnBoardJobListingsTests;
			productName = GetOnBoardJobListingsTests;
			productReference = 1DE9F54229C128230008CEFA /* GetOnBoardJobListingsTests.xctest */;
			productType = "com.apple.product-type.bundle.unit-test";
		};
		1DE9F54B29C128230008CEFA /* GetOnBoardJobListingsUITests */ = {
			isa = PBXNativeTarget;
			buildConfigurationList = 1DE9F55C29C128230008CEFA /* Build configuration list for PBXNativeTarget "GetOnBoardJobListingsUITests" */;
			buildPhases = (
				1DE9F54829C128230008CEFA /* Sources */,
				1DE9F54929C128230008CEFA /* Frameworks */,
				1DE9F54A29C128230008CEFA /* Resources */,
			);
			buildRules = (
			);
			dependencies = (
				1DE9F54E29C128230008CEFA /* PBXTargetDependency */,
			);
			name = GetOnBoardJobListingsUITests;
			productName = GetOnBoardJobListingsUITests;
			productReference = 1DE9F54C29C128230008CEFA /* GetOnBoardJobListingsUITests.xctest */;
			productType = "com.apple.product-type.bundle.ui-testing";
		};
/* End PBXNativeTarget section */

/* Begin PBXProject section */
		1DE9F52429C128220008CEFA /* Project object */ = {
			isa = PBXProject;
			attributes = {
				BuildIndependentTargetsInParallel = 1;
				LastSwiftUpdateCheck = 1420;
				LastUpgradeCheck = 1420;
				TargetAttributes = {
					1DE9F52B29C128220008CEFA = {
						CreatedOnToolsVersion = 14.2;
					};
					1DE9F54129C128230008CEFA = {
						CreatedOnToolsVersion = 14.2;
						TestTargetID = 1DE9F52B29C128220008CEFA;
					};
					1DE9F54B29C128230008CEFA = {
						CreatedOnToolsVersion = 14.2;
						TestTargetID = 1DE9F52B29C128220008CEFA;
					};
				};
			};
			buildConfigurationList = 1DE9F52729C128220008CEFA /* Build configuration list for PBXProject "GetOnBoardJobListings" */;
			compatibilityVersion = "Xcode 14.0";
			developmentRegion = en;
			hasScannedForEncodings = 0;
			knownRegions = (
				en,
				Base,
			);
			mainGroup = 1DE9F52329C128220008CEFA;
			productRefGroup = 1DE9F52D29C128220008CEFA /* Products */;
			projectDirPath = "";
			projectRoot = "";
			targets = (
				1DE9F52B29C128220008CEFA /* GetOnBoardJobListings */,
				1DE9F54129C128230008CEFA /* GetOnBoardJobListingsTests */,
				1DE9F54B29C128230008CEFA /* GetOnBoardJobListingsUITests */,
			);
		};
/* End PBXProject section */

/* Begin PBXResourcesBuildPhase section */
		1DE9F52A29C128220008CEFA /* Resources */ = {
			isa = PBXResourcesBuildPhase;
			buildActionMask = 2147483647;
			files = (
				1DE9F53C29C128230008CEFA /* LaunchScreen.storyboard in Resources */,
				1DE9F53929C128230008CEFA /* Assets.xcassets in Resources */,
			);
			runOnlyForDeploymentPostprocessing = 0;
		};
		1DE9F54029C128230008CEFA /* Resources */ = {
			isa = PBXResourcesBuildPhase;
			buildActionMask = 2147483647;
			files = (
			);
			runOnlyForDeploymentPostprocessing = 0;
		};
		1DE9F54A29C128230008CEFA /* Resources */ = {
			isa = PBXResourcesBuildPhase;
			buildActionMask = 2147483647;
			files = (
			);
			runOnlyForDeploymentPostprocessing = 0;
		};
/* End PBXResourcesBuildPhase section */

/* Begin PBXSourcesBuildPhase section */
		1DE9F52829C128220008CEFA /* Sources */ = {
			isa = PBXSourcesBuildPhase;
			buildActionMask = 2147483647;
			files = (
				1D174E6B29D1E51900F0FB32 /* OffersPresenter.swift in Sources */,
				1D174E6D29D1FEC300F0FB32 /* OffersViewController.swift in Sources */,
				1DB9388C29CBA35700AF8766 /* TabBarViewController.swift in Sources */,
				1D8BCFDC29C8F7E900084AF2 /* CompaniesViewController.swift in Sources */,
				1D174E6929D1E2F200F0FB32 /* Offers.swift in Sources */,
				61E3850529C4F03F00A1DF97 /* CategoryPresenter.swift in Sources */,
				1D8BCFDE29C9DB0C00084AF2 /* Companies.swift in Sources */,
				1DE9F53429C128220008CEFA /* CategoriesViewController.swift in Sources */,
				1DE9F53029C128220008CEFA /* AppDelegate.swift in Sources */,
				1DE9F56529C200BC0008CEFA /* Categories.swift in Sources */,
				1DE9F53229C128220008CEFA /* SceneDelegate.swift in Sources */,
				1DB9388E29CBAFB500AF8766 /* CompaniesPresenter.swift in Sources */,
			);
			runOnlyForDeploymentPostprocessing = 0;
		};
		1DE9F53E29C128230008CEFA /* Sources */ = {
			isa = PBXSourcesBuildPhase;
			buildActionMask = 2147483647;
			files = (
				1DE9F54729C128230008CEFA /* GetOnBoardJobListingsTests.swift in Sources */,
			);
			runOnlyForDeploymentPostprocessing = 0;
		};
		1DE9F54829C128230008CEFA /* Sources */ = {
			isa = PBXSourcesBuildPhase;
			buildActionMask = 2147483647;
			files = (
				1DE9F55329C128230008CEFA /* GetOnBoardJobListingsUITestsLaunchTests.swift in Sources */,
				1DE9F55129C128230008CEFA /* GetOnBoardJobListingsUITests.swift in Sources */,
			);
			runOnlyForDeploymentPostprocessing = 0;
		};
/* End PBXSourcesBuildPhase section */

/* Begin PBXTargetDependency section */
		1DE9F54429C128230008CEFA /* PBXTargetDependency */ = {
			isa = PBXTargetDependency;
			target = 1DE9F52B29C128220008CEFA /* GetOnBoardJobListings */;
			targetProxy = 1DE9F54329C128230008CEFA /* PBXContainerItemProxy */;
		};
		1DE9F54E29C128230008CEFA /* PBXTargetDependency */ = {
			isa = PBXTargetDependency;
			target = 1DE9F52B29C128220008CEFA /* GetOnBoardJobListings */;
			targetProxy = 1DE9F54D29C128230008CEFA /* PBXContainerItemProxy */;
		};
/* End PBXTargetDependency section */

/* Begin PBXVariantGroup section */
		1DE9F53A29C128230008CEFA /* LaunchScreen.storyboard */ = {
			isa = PBXVariantGroup;
			children = (
				1DE9F53B29C128230008CEFA /* Base */,
			);
			name = LaunchScreen.storyboard;
			sourceTree = "<group>";
		};
/* End PBXVariantGroup section */

/* Begin XCBuildConfiguration section */
		1DE9F55429C128230008CEFA /* Debug */ = {
			isa = XCBuildConfiguration;
			buildSettings = {
				ALWAYS_SEARCH_USER_PATHS = NO;
				CLANG_ANALYZER_NONNULL = YES;
				CLANG_ANALYZER_NUMBER_OBJECT_CONVERSION = YES_AGGRESSIVE;
				CLANG_CXX_LANGUAGE_STANDARD = "gnu++20";
				CLANG_ENABLE_MODULES = YES;
				CLANG_ENABLE_OBJC_ARC = YES;
				CLANG_ENABLE_OBJC_WEAK = YES;
				CLANG_WARN_BLOCK_CAPTURE_AUTORELEASING = YES;
				CLANG_WARN_BOOL_CONVERSION = YES;
				CLANG_WARN_COMMA = YES;
				CLANG_WARN_CONSTANT_CONVERSION = YES;
				CLANG_WARN_DEPRECATED_OBJC_IMPLEMENTATIONS = YES;
				CLANG_WARN_DIRECT_OBJC_ISA_USAGE = YES_ERROR;
				CLANG_WARN_DOCUMENTATION_COMMENTS = YES;
				CLANG_WARN_EMPTY_BODY = YES;
				CLANG_WARN_ENUM_CONVERSION = YES;
				CLANG_WARN_INFINITE_RECURSION = YES;
				CLANG_WARN_INT_CONVERSION = YES;
				CLANG_WARN_NON_LITERAL_NULL_CONVERSION = YES;
				CLANG_WARN_OBJC_IMPLICIT_RETAIN_SELF = YES;
				CLANG_WARN_OBJC_LITERAL_CONVERSION = YES;
				CLANG_WARN_OBJC_ROOT_CLASS = YES_ERROR;
				CLANG_WARN_QUOTED_INCLUDE_IN_FRAMEWORK_HEADER = YES;
				CLANG_WARN_RANGE_LOOP_ANALYSIS = YES;
				CLANG_WARN_STRICT_PROTOTYPES = YES;
				CLANG_WARN_SUSPICIOUS_MOVE = YES;
				CLANG_WARN_UNGUARDED_AVAILABILITY = YES_AGGRESSIVE;
				CLANG_WARN_UNREACHABLE_CODE = YES;
				CLANG_WARN__DUPLICATE_METHOD_MATCH = YES;
				COPY_PHASE_STRIP = NO;
				DEBUG_INFORMATION_FORMAT = dwarf;
				ENABLE_STRICT_OBJC_MSGSEND = YES;
				ENABLE_TESTABILITY = YES;
				GCC_C_LANGUAGE_STANDARD = gnu11;
				GCC_DYNAMIC_NO_PIC = NO;
				GCC_NO_COMMON_BLOCKS = YES;
				GCC_OPTIMIZATION_LEVEL = 0;
				GCC_PREPROCESSOR_DEFINITIONS = (
					"DEBUG=1",
					"$(inherited)",
				);
				GCC_WARN_64_TO_32_BIT_CONVERSION = YES;
				GCC_WARN_ABOUT_RETURN_TYPE = YES_ERROR;
				GCC_WARN_UNDECLARED_SELECTOR = YES;
				GCC_WARN_UNINITIALIZED_AUTOS = YES_AGGRESSIVE;
				GCC_WARN_UNUSED_FUNCTION = YES;
				GCC_WARN_UNUSED_VARIABLE = YES;
				IPHONEOS_DEPLOYMENT_TARGET = 16.2;
				MTL_ENABLE_DEBUG_INFO = INCLUDE_SOURCE;
				MTL_FAST_MATH = YES;
				ONLY_ACTIVE_ARCH = YES;
				SDKROOT = iphoneos;
				SWIFT_ACTIVE_COMPILATION_CONDITIONS = DEBUG;
				SWIFT_OPTIMIZATION_LEVEL = "-Onone";
			};
			name = Debug;
		};
		1DE9F55529C128230008CEFA /* Release */ = {
			isa = XCBuildConfiguration;
			buildSettings = {
				ALWAYS_SEARCH_USER_PATHS = NO;
				CLANG_ANALYZER_NONNULL = YES;
				CLANG_ANALYZER_NUMBER_OBJECT_CONVERSION = YES_AGGRESSIVE;
				CLANG_CXX_LANGUAGE_STANDARD = "gnu++20";
				CLANG_ENABLE_MODULES = YES;
				CLANG_ENABLE_OBJC_ARC = YES;
				CLANG_ENABLE_OBJC_WEAK = YES;
				CLANG_WARN_BLOCK_CAPTURE_AUTORELEASING = YES;
				CLANG_WARN_BOOL_CONVERSION = YES;
				CLANG_WARN_COMMA = YES;
				CLANG_WARN_CONSTANT_CONVERSION = YES;
				CLANG_WARN_DEPRECATED_OBJC_IMPLEMENTATIONS = YES;
				CLANG_WARN_DIRECT_OBJC_ISA_USAGE = YES_ERROR;
				CLANG_WARN_DOCUMENTATION_COMMENTS = YES;
				CLANG_WARN_EMPTY_BODY = YES;
				CLANG_WARN_ENUM_CONVERSION = YES;
				CLANG_WARN_INFINITE_RECURSION = YES;
				CLANG_WARN_INT_CONVERSION = YES;
				CLANG_WARN_NON_LITERAL_NULL_CONVERSION = YES;
				CLANG_WARN_OBJC_IMPLICIT_RETAIN_SELF = YES;
				CLANG_WARN_OBJC_LITERAL_CONVERSION = YES;
				CLANG_WARN_OBJC_ROOT_CLASS = YES_ERROR;
				CLANG_WARN_QUOTED_INCLUDE_IN_FRAMEWORK_HEADER = YES;
				CLANG_WARN_RANGE_LOOP_ANALYSIS = YES;
				CLANG_WARN_STRICT_PROTOTYPES = YES;
				CLANG_WARN_SUSPICIOUS_MOVE = YES;
				CLANG_WARN_UNGUARDED_AVAILABILITY = YES_AGGRESSIVE;
				CLANG_WARN_UNREACHABLE_CODE = YES;
				CLANG_WARN__DUPLICATE_METHOD_MATCH = YES;
				COPY_PHASE_STRIP = NO;
				DEBUG_INFORMATION_FORMAT = "dwarf-with-dsym";
				ENABLE_NS_ASSERTIONS = NO;
				ENABLE_STRICT_OBJC_MSGSEND = YES;
				GCC_C_LANGUAGE_STANDARD = gnu11;
				GCC_NO_COMMON_BLOCKS = YES;
				GCC_WARN_64_TO_32_BIT_CONVERSION = YES;
				GCC_WARN_ABOUT_RETURN_TYPE = YES_ERROR;
				GCC_WARN_UNDECLARED_SELECTOR = YES;
				GCC_WARN_UNINITIALIZED_AUTOS = YES_AGGRESSIVE;
				GCC_WARN_UNUSED_FUNCTION = YES;
				GCC_WARN_UNUSED_VARIABLE = YES;
				IPHONEOS_DEPLOYMENT_TARGET = 16.2;
				MTL_ENABLE_DEBUG_INFO = NO;
				MTL_FAST_MATH = YES;
				SDKROOT = iphoneos;
				SWIFT_COMPILATION_MODE = wholemodule;
				SWIFT_OPTIMIZATION_LEVEL = "-O";
				VALIDATE_PRODUCT = YES;
			};
			name = Release;
		};
		1DE9F55729C128230008CEFA /* Debug */ = {
			isa = XCBuildConfiguration;
			buildSettings = {
				ASSETCATALOG_COMPILER_APPICON_NAME = AppIcon;
				ASSETCATALOG_COMPILER_GLOBAL_ACCENT_COLOR_NAME = AccentColor;
				CODE_SIGN_STYLE = Automatic;
				CURRENT_PROJECT_VERSION = 1;
				DEVELOPMENT_TEAM = LAA2UP5H29;
				GENERATE_INFOPLIST_FILE = YES;
				INFOPLIST_FILE = GetOnBoardJobListings/Info.plist;
				INFOPLIST_KEY_UIApplicationSupportsIndirectInputEvents = YES;
				INFOPLIST_KEY_UILaunchStoryboardName = LaunchScreen;
				INFOPLIST_KEY_UISupportedInterfaceOrientations_iPad = "UIInterfaceOrientationPortrait UIInterfaceOrientationPortraitUpsideDown UIInterfaceOrientationLandscapeLeft UIInterfaceOrientationLandscapeRight";
				INFOPLIST_KEY_UISupportedInterfaceOrientations_iPhone = "UIInterfaceOrientationPortrait UIInterfaceOrientationLandscapeLeft UIInterfaceOrientationLandscapeRight";
				LD_RUNPATH_SEARCH_PATHS = (
					"$(inherited)",
					"@executable_path/Frameworks",
				);
				MARKETING_VERSION = 1.0;
				PRODUCT_BUNDLE_IDENTIFIER = "co.antonio-garin.GetOnBoardJobListings";
				PRODUCT_NAME = "$(TARGET_NAME)";
				SWIFT_EMIT_LOC_STRINGS = YES;
				SWIFT_VERSION = 5.0;
				TARGETED_DEVICE_FAMILY = "1,2";
			};
			name = Debug;
		};
		1DE9F55829C128230008CEFA /* Release */ = {
			isa = XCBuildConfiguration;
			buildSettings = {
				ASSETCATALOG_COMPILER_APPICON_NAME = AppIcon;
				ASSETCATALOG_COMPILER_GLOBAL_ACCENT_COLOR_NAME = AccentColor;
				CODE_SIGN_STYLE = Automatic;
				CURRENT_PROJECT_VERSION = 1;
				DEVELOPMENT_TEAM = LAA2UP5H29;
				GENERATE_INFOPLIST_FILE = YES;
				INFOPLIST_FILE = GetOnBoardJobListings/Info.plist;
				INFOPLIST_KEY_UIApplicationSupportsIndirectInputEvents = YES;
				INFOPLIST_KEY_UILaunchStoryboardName = LaunchScreen;
				INFOPLIST_KEY_UISupportedInterfaceOrientations_iPad = "UIInterfaceOrientationPortrait UIInterfaceOrientationPortraitUpsideDown UIInterfaceOrientationLandscapeLeft UIInterfaceOrientationLandscapeRight";
				INFOPLIST_KEY_UISupportedInterfaceOrientations_iPhone = "UIInterfaceOrientationPortrait UIInterfaceOrientationLandscapeLeft UIInterfaceOrientationLandscapeRight";
				LD_RUNPATH_SEARCH_PATHS = (
					"$(inherited)",
					"@executable_path/Frameworks",
				);
				MARKETING_VERSION = 1.0;
				PRODUCT_BUNDLE_IDENTIFIER = "co.antonio-garin.GetOnBoardJobListings";
				PRODUCT_NAME = "$(TARGET_NAME)";
				SWIFT_EMIT_LOC_STRINGS = YES;
				SWIFT_VERSION = 5.0;
				TARGETED_DEVICE_FAMILY = "1,2";
			};
			name = Release;
		};
		1DE9F55A29C128230008CEFA /* Debug */ = {
			isa = XCBuildConfiguration;
			buildSettings = {
				ALWAYS_EMBED_SWIFT_STANDARD_LIBRARIES = YES;
				BUNDLE_LOADER = "$(TEST_HOST)";
				CODE_SIGN_STYLE = Automatic;
				CURRENT_PROJECT_VERSION = 1;
				GENERATE_INFOPLIST_FILE = YES;
				IPHONEOS_DEPLOYMENT_TARGET = 16.2;
				MARKETING_VERSION = 1.0;
				PRODUCT_BUNDLE_IDENTIFIER = "co.antonio-garin.GetOnBoardJobListingsTests";
				PRODUCT_NAME = "$(TARGET_NAME)";
				SWIFT_EMIT_LOC_STRINGS = NO;
				SWIFT_VERSION = 5.0;
				TARGETED_DEVICE_FAMILY = "1,2";
				TEST_HOST = "$(BUILT_PRODUCTS_DIR)/GetOnBoardJobListings.app/$(BUNDLE_EXECUTABLE_FOLDER_PATH)/GetOnBoardJobListings";
			};
			name = Debug;
		};
		1DE9F55B29C128230008CEFA /* Release */ = {
			isa = XCBuildConfiguration;
			buildSettings = {
				ALWAYS_EMBED_SWIFT_STANDARD_LIBRARIES = YES;
				BUNDLE_LOADER = "$(TEST_HOST)";
				CODE_SIGN_STYLE = Automatic;
				CURRENT_PROJECT_VERSION = 1;
				GENERATE_INFOPLIST_FILE = YES;
				IPHONEOS_DEPLOYMENT_TARGET = 16.2;
				MARKETING_VERSION = 1.0;
				PRODUCT_BUNDLE_IDENTIFIER = "co.antonio-garin.GetOnBoardJobListingsTests";
				PRODUCT_NAME = "$(TARGET_NAME)";
				SWIFT_EMIT_LOC_STRINGS = NO;
				SWIFT_VERSION = 5.0;
				TARGETED_DEVICE_FAMILY = "1,2";
				TEST_HOST = "$(BUILT_PRODUCTS_DIR)/GetOnBoardJobListings.app/$(BUNDLE_EXECUTABLE_FOLDER_PATH)/GetOnBoardJobListings";
			};
			name = Release;
		};
		1DE9F55D29C128230008CEFA /* Debug */ = {
			isa = XCBuildConfiguration;
			buildSettings = {
				ALWAYS_EMBED_SWIFT_STANDARD_LIBRARIES = YES;
				CODE_SIGN_STYLE = Automatic;
				CURRENT_PROJECT_VERSION = 1;
				GENERATE_INFOPLIST_FILE = YES;
				MARKETING_VERSION = 1.0;
				PRODUCT_BUNDLE_IDENTIFIER = "co.antonio-garin.GetOnBoardJobListingsUITests";
				PRODUCT_NAME = "$(TARGET_NAME)";
				SWIFT_EMIT_LOC_STRINGS = NO;
				SWIFT_VERSION = 5.0;
				TARGETED_DEVICE_FAMILY = "1,2";
				TEST_TARGET_NAME = GetOnBoardJobListings;
			};
			name = Debug;
		};
		1DE9F55E29C128230008CEFA /* Release */ = {
			isa = XCBuildConfiguration;
			buildSettings = {
				ALWAYS_EMBED_SWIFT_STANDARD_LIBRARIES = YES;
				CODE_SIGN_STYLE = Automatic;
				CURRENT_PROJECT_VERSION = 1;
				GENERATE_INFOPLIST_FILE = YES;
				MARKETING_VERSION = 1.0;
				PRODUCT_BUNDLE_IDENTIFIER = "co.antonio-garin.GetOnBoardJobListingsUITests";
				PRODUCT_NAME = "$(TARGET_NAME)";
				SWIFT_EMIT_LOC_STRINGS = NO;
				SWIFT_VERSION = 5.0;
				TARGETED_DEVICE_FAMILY = "1,2";
				TEST_TARGET_NAME = GetOnBoardJobListings;
			};
			name = Release;
		};
/* End XCBuildConfiguration section */

/* Begin XCConfigurationList section */
		1DE9F52729C128220008CEFA /* Build configuration list for PBXProject "GetOnBoardJobListings" */ = {
			isa = XCConfigurationList;
			buildConfigurations = (
				1DE9F55429C128230008CEFA /* Debug */,
				1DE9F55529C128230008CEFA /* Release */,
			);
			defaultConfigurationIsVisible = 0;
			defaultConfigurationName = Release;
		};
		1DE9F55629C128230008CEFA /* Build configuration list for PBXNativeTarget "GetOnBoardJobListings" */ = {
			isa = XCConfigurationList;
			buildConfigurations = (
				1DE9F55729C128230008CEFA /* Debug */,
				1DE9F55829C128230008CEFA /* Release */,
			);
			defaultConfigurationIsVisible = 0;
			defaultConfigurationName = Release;
		};
		1DE9F55929C128230008CEFA /* Build configuration list for PBXNativeTarget "GetOnBoardJobListingsTests" */ = {
			isa = XCConfigurationList;
			buildConfigurations = (
				1DE9F55A29C128230008CEFA /* Debug */,
				1DE9F55B29C128230008CEFA /* Release */,
			);
			defaultConfigurationIsVisible = 0;
			defaultConfigurationName = Release;
		};
		1DE9F55C29C128230008CEFA /* Build configuration list for PBXNativeTarget "GetOnBoardJobListingsUITests" */ = {
			isa = XCConfigurationList;
			buildConfigurations = (
				1DE9F55D29C128230008CEFA /* Debug */,
				1DE9F55E29C128230008CEFA /* Release */,
			);
			defaultConfigurationIsVisible = 0;
			defaultConfigurationName = Release;
		};
/* End XCConfigurationList section */
	};
	rootObject = 1DE9F52429C128220008CEFA /* Project object */;
}
